
Microsoft Visual Studio Solution File, Format Version 12.00
# Visual Studio Version 17
VisualStudioVersion = 17.5.002.0
MinimumVisualStudioVersion = 10.0.40219.1
Project("{9A19103F-16F7-4668-BE54-9A1E7A4F7556}") = "ClassProject001", "ClassProject001.csproj", "{ABAA1599-68EB-4610-A2A0-638A27D8FE0F}"
EndProject
Global
	GlobalSection(SolutionConfigurationPlatforms) = preSolution
		Debug|Any CPU = Debug|Any CPU
		Release|Any CPU = Release|Any CPU
	EndGlobalSection
	GlobalSection(ProjectConfigurationPlatforms) = postSolution
		{ABAA1599-68EB-4610-A2A0-638A27D8FE0F}.Debug|Any CPU.ActiveCfg = Debug|Any CPU
		{ABAA1599-68EB-4610-A2A0-638A27D8FE0F}.Debug|Any CPU.Build.0 = Debug|Any CPU
		{ABAA1599-68EB-4610-A2A0-638A27D8FE0F}.Release|Any CPU.ActiveCfg = Release|Any CPU
		{ABAA1599-68EB-4610-A2A0-638A27D8FE0F}.Release|Any CPU.Build.0 = Release|Any CPU
	EndGlobalSection
	GlobalSection(SolutionProperties) = preSolution
		HideSolutionNode = FALSE
	EndGlobalSection
	GlobalSection(ExtensibilityGlobals) = postSolution
		SolutionGuid = {EAB10718-1EBD-4A7D-A9F7-6E7F4504B6A0}
	EndGlobalSection
EndGlobal
